
Microsoft Visual Studio Solution File, Format Version 12.00
# Visual Studio Version 17
VisualStudioVersion = 17.4.33110.190
MinimumVisualStudioVersion = 10.0.40219.1
Project("{9A19103F-16F7-4668-BE54-9A1E7A4F7556}") = "TaskManagementAPI", "TaskManagementAPI\TaskManagementAPI.csproj", "{5B2C699A-08BC-40F1-8FA1-CA90BE0A65F0}"
EndProject
Project("{FAE04EC0-301F-11D3-BF4B-00C04F79EFBC}") = "TaskManagementAPI.Tests", "TaskManagementAPI.Tests\TaskManagementAPI.Tests.csproj", "{45DD73A9-7586-4655-BDA1-7FD90511DA01}"
EndProject
Global
	GlobalSection(SolutionConfigurationPlatforms) = preSolution
		Debug|Any CPU = Debug|Any CPU
		Release|Any CPU = Release|Any CPU
	EndGlobalSection
	GlobalSection(ProjectConfigurationPlatforms) = postSolution
		{5B2C699A-08BC-40F1-8FA1-CA90BE0A65F0}.Debug|Any CPU.ActiveCfg = Debug|Any CPU
		{5B2C699A-08BC-40F1-8FA1-CA90BE0A65F0}.Debug|Any CPU.Build.0 = Debug|Any CPU
		{5B2C699A-08BC-40F1-8FA1-CA90BE0A65F0}.Release|Any CPU.ActiveCfg = Release|Any CPU
		{5B2C699A-08BC-40F1-8FA1-CA90BE0A65F0}.Release|Any CPU.Build.0 = Release|Any CPU
		{45DD73A9-7586-4655-BDA1-7FD90511DA01}.Debug|Any CPU.ActiveCfg = Debug|Any CPU
		{45DD73A9-7586-4655-BDA1-7FD90511DA01}.Debug|Any CPU.Build.0 = Debug|Any CPU
		{45DD73A9-7586-4655-BDA1-7FD90511DA01}.Release|Any CPU.ActiveCfg = Release|Any CPU
		{45DD73A9-7586-4655-BDA1-7FD90511DA01}.Release|Any CPU.Build.0 = Release|Any CPU
	EndGlobalSection
	GlobalSection(SolutionProperties) = preSolution
		HideSolutionNode = FALSE
	EndGlobalSection
	GlobalSection(ExtensibilityGlobals) = postSolution
		SolutionGuid = {ADF200E2-4D3C-41C4-AD35-D56411E01165}
	EndGlobalSection
EndGlobal
